
Microsoft Visual Studio Solution File, Format Version 12.00
# Visual Studio Version 17
VisualStudioVersion = 17.0.32112.339
MinimumVisualStudioVersion = 10.0.40219.1
Project("{FAE04EC0-301F-11D3-BF4B-00C04F79EFBC}") = "Vidly", "Vidly\Vidly.csproj", "{788F8601-3CD8-4D41-AFC5-DE246230FDBD}"
EndProject
Global
	GlobalSection(SolutionConfigurationPlatforms) = preSolution
		Debug|Any CPU = Debug|Any CPU
		Release|Any CPU = Release|Any CPU
	EndGlobalSection
	GlobalSection(ProjectConfigurationPlatforms) = postSolution
		{788F8601-3CD8-4D41-AFC5-DE246230FDBD}.Debug|Any CPU.ActiveCfg = Debug|Any CPU
		{788F8601-3CD8-4D41-AFC5-DE246230FDBD}.Debug|Any CPU.Build.0 = Debug|Any CPU
		{788F8601-3CD8-4D41-AFC5-DE246230FDBD}.Release|Any CPU.ActiveCfg = Release|Any CPU
		{788F8601-3CD8-4D41-AFC5-DE246230FDBD}.Release|Any CPU.Build.0 = Release|Any CPU
	EndGlobalSection
	GlobalSection(SolutionProperties) = preSolution
		HideSolutionNode = FALSE
	EndGlobalSection
	GlobalSection(ExtensibilityGlobals) = postSolution
		SolutionGuid = {6C3AE5C8-A1AE-4DFE-9929-5F998C12C215}
	EndGlobalSection
EndGlobal
